
Microsoft Visual Studio Solution File, Format Version 12.00
# Visual Studio Version 17
VisualStudioVersion = 17.6.33829.357
MinimumVisualStudioVersion = 10.0.40219.1
Project("{9A19103F-16F7-4668-BE54-9A1E7A4F7556}") = "ChatApplication", "ChatApplication\ChatApplication.csproj", "{EB48E83C-1F5F-46A8-8896-6268C89D3BF1}"
EndProject
Global
	GlobalSection(SolutionConfigurationPlatforms) = preSolution
		Debug|Any CPU = Debug|Any CPU
		Release|Any CPU = Release|Any CPU
	EndGlobalSection
	GlobalSection(ProjectConfigurationPlatforms) = postSolution
		{EB48E83C-1F5F-46A8-8896-6268C89D3BF1}.Debug|Any CPU.ActiveCfg = Debug|Any CPU
		{EB48E83C-1F5F-46A8-8896-6268C89D3BF1}.Debug|Any CPU.Build.0 = Debug|Any CPU
		{EB48E83C-1F5F-46A8-8896-6268C89D3BF1}.Release|Any CPU.ActiveCfg = Release|Any CPU
		{EB48E83C-1F5F-46A8-8896-6268C89D3BF1}.Release|Any CPU.Build.0 = Release|Any CPU
	EndGlobalSection
	GlobalSection(SolutionProperties) = preSolution
		HideSolutionNode = FALSE
	EndGlobalSection
	GlobalSection(ExtensibilityGlobals) = postSolution
		SolutionGuid = {D09BE05F-545E-4154-AC74-27487304EFE7}
	EndGlobalSection
EndGlobal
